
Microsoft Visual Studio Solution File, Format Version 12.00
# Visual Studio Version 17
VisualStudioVersion = 17.5.33424.131
MinimumVisualStudioVersion = 10.0.40219.1
Project("{FAE04EC0-301F-11D3-BF4B-00C04F79EFBC}") = "Program7", "Program7\Program7.csproj", "{60607DE0-DAE6-4767-A31E-A2FFB62D0820}"
EndProject
Global
	GlobalSection(SolutionConfigurationPlatforms) = preSolution
		Debug|Any CPU = Debug|Any CPU
		Release|Any CPU = Release|Any CPU
	EndGlobalSection
	GlobalSection(ProjectConfigurationPlatforms) = postSolution
		{60607DE0-DAE6-4767-A31E-A2FFB62D0820}.Debug|Any CPU.ActiveCfg = Debug|Any CPU
		{60607DE0-DAE6-4767-A31E-A2FFB62D0820}.Debug|Any CPU.Build.0 = Debug|Any CPU
		{60607DE0-DAE6-4767-A31E-A2FFB62D0820}.Release|Any CPU.ActiveCfg = Release|Any CPU
		{60607DE0-DAE6-4767-A31E-A2FFB62D0820}.Release|Any CPU.Build.0 = Release|Any CPU
	EndGlobalSection
	GlobalSection(SolutionProperties) = preSolution
		HideSolutionNode = FALSE
	EndGlobalSection
	GlobalSection(ExtensibilityGlobals) = postSolution
		SolutionGuid = {EDA2A11C-175B-4545-A63D-688A1C767A06}
	EndGlobalSection
EndGlobal
