
Microsoft Visual Studio Solution File, Format Version 12.00
# Visual Studio Version 17
VisualStudioVersion = 17.5.33424.131
MinimumVisualStudioVersion = 10.0.40219.1
Project("{FAE04EC0-301F-11D3-BF4B-00C04F79EFBC}") = "Program8", "Program8\Program8.csproj", "{7F3D0560-372B-4A72-A6D4-ED11AE95D34E}"
EndProject
Global
	GlobalSection(SolutionConfigurationPlatforms) = preSolution
		Debug|Any CPU = Debug|Any CPU
		Release|Any CPU = Release|Any CPU
	EndGlobalSection
	GlobalSection(ProjectConfigurationPlatforms) = postSolution
		{7F3D0560-372B-4A72-A6D4-ED11AE95D34E}.Debug|Any CPU.ActiveCfg = Debug|Any CPU
		{7F3D0560-372B-4A72-A6D4-ED11AE95D34E}.Debug|Any CPU.Build.0 = Debug|Any CPU
		{7F3D0560-372B-4A72-A6D4-ED11AE95D34E}.Release|Any CPU.ActiveCfg = Release|Any CPU
		{7F3D0560-372B-4A72-A6D4-ED11AE95D34E}.Release|Any CPU.Build.0 = Release|Any CPU
	EndGlobalSection
	GlobalSection(SolutionProperties) = preSolution
		HideSolutionNode = FALSE
	EndGlobalSection
	GlobalSection(ExtensibilityGlobals) = postSolution
		SolutionGuid = {1054FF1F-0F0B-44C9-8E59-ADF26AD97B60}
	EndGlobalSection
EndGlobal
